
Microsoft Visual Studio Solution File, Format Version 12.00
# Visual Studio Version 17
VisualStudioVersion = 17.9.34728.123
MinimumVisualStudioVersion = 10.0.40219.1
Project("{FAE04EC0-301F-11D3-BF4B-00C04F79EFBC}") = "PR_Controls", "PR_Controls\PR_Controls.csproj", "{05D453BF-9A63-417C-9912-3594F0ADC580}"
EndProject
Global
	GlobalSection(SolutionConfigurationPlatforms) = preSolution
		Debug|Any CPU = Debug|Any CPU
		Release|Any CPU = Release|Any CPU
	EndGlobalSection
	GlobalSection(ProjectConfigurationPlatforms) = postSolution
		{05D453BF-9A63-417C-9912-3594F0ADC580}.Debug|Any CPU.ActiveCfg = Debug|Any CPU
		{05D453BF-9A63-417C-9912-3594F0ADC580}.Debug|Any CPU.Build.0 = Debug|Any CPU
		{05D453BF-9A63-417C-9912-3594F0ADC580}.Release|Any CPU.ActiveCfg = Release|Any CPU
		{05D453BF-9A63-417C-9912-3594F0ADC580}.Release|Any CPU.Build.0 = Release|Any CPU
	EndGlobalSection
	GlobalSection(SolutionProperties) = preSolution
		HideSolutionNode = FALSE
	EndGlobalSection
	GlobalSection(ExtensibilityGlobals) = postSolution
		SolutionGuid = {B0B47968-9ED0-4BCD-B3E0-E3A4FEC3E198}
	EndGlobalSection
EndGlobal
